
Microsoft Visual Studio Solution File, Format Version 12.00
# Visual Studio Version 17
VisualStudioVersion = 17.0.32014.148
MinimumVisualStudioVersion = 10.0.40219.1
Project("{FAE04EC0-301F-11D3-BF4B-00C04F79EFBC}") = "Oberleitner_Schnellnberger_FinalProject", "Oberleitner_Schnellnberger_FinalProject\Oberleitner_Schnellnberger_FinalProject.csproj", "{A018832E-163B-4C9C-A165-0DE6C8D63B96}"
EndProject
Global
	GlobalSection(SolutionConfigurationPlatforms) = preSolution
		Debug|Any CPU = Debug|Any CPU
		Release|Any CPU = Release|Any CPU
	EndGlobalSection
	GlobalSection(ProjectConfigurationPlatforms) = postSolution
		{A018832E-163B-4C9C-A165-0DE6C8D63B96}.Debug|Any CPU.ActiveCfg = Debug|Any CPU
		{A018832E-163B-4C9C-A165-0DE6C8D63B96}.Debug|Any CPU.Build.0 = Debug|Any CPU
		{A018832E-163B-4C9C-A165-0DE6C8D63B96}.Release|Any CPU.ActiveCfg = Release|Any CPU
		{A018832E-163B-4C9C-A165-0DE6C8D63B96}.Release|Any CPU.Build.0 = Release|Any CPU
	EndGlobalSection
	GlobalSection(SolutionProperties) = preSolution
		HideSolutionNode = FALSE
	EndGlobalSection
	GlobalSection(ExtensibilityGlobals) = postSolution
		SolutionGuid = {94CB150A-402F-4787-95D1-304EA26F0C62}
	EndGlobalSection
EndGlobal
